// !$*UTF8*$!
{
	archiveVersion = 1;
	classes = {
	};
	objectVersion = 55;
	objects = {

/* Begin PBXBuildFile section */
		2DFE43851B262E9D007844FA /* AvatarView.h in Headers */ = {isa = PBXBuildFile; fileRef = 2DFE43841B262E9D007844FA /* AvatarView.h */; settings = {ATTRIBUTES = (Public, ); }; };
		2DFE439C1B262EAD007844FA /* AvatarView.swift in Sources */ = {isa = PBXBuildFile; fileRef = 2DFE439B1B262EAD007844FA /* AvatarView.swift */; };
		2DFE43A61B26335A007844FA /* AppDelegate.swift in Sources */ = {isa = PBXBuildFile; fileRef = 2DFE43A51B26335A007844FA /* AppDelegate.swift */; };
		2DFE43A81B26335A007844FA /* ViewController.swift in Sources */ = {isa = PBXBuildFile; fileRef = 2DFE43A71B26335A007844FA /* ViewController.swift */; };
		2DFE43AD1B26335A007844FA /* Images.xcassets in Resources */ = {isa = PBXBuildFile; fileRef = 2DFE43AC1B26335A007844FA /* Images.xcassets */; };
		2DFE43B01B26335A007844FA /* LaunchScreen.xib in Resources */ = {isa = PBXBuildFile; fileRef = 2DFE43AE1B26335A007844FA /* LaunchScreen.xib */; };
		2DFE43C31B26336B007844FA /* AvatarView.swift in Sources */ = {isa = PBXBuildFile; fileRef = 2DFE439B1B262EAD007844FA /* AvatarView.swift */; };
/* End PBXBuildFile section */

/* Begin PBXFileReference section */
		2DFE437F1B262E9D007844FA /* AvatarView.framework */ = {isa = PBXFileReference; explicitFileType = wrapper.framework; includeInIndex = 0; path = AvatarView.framework; sourceTree = BUILT_PRODUCTS_DIR; };
		2DFE43831B262E9D007844FA /* Info.plist */ = {isa = PBXFileReference; lastKnownFileType = text.plist.xml; path = Info.plist; sourceTree = "<group>"; };
		2DFE43841B262E9D007844FA /* AvatarView.h */ = {isa = PBXFileReference; lastKnownFileType = sourcecode.c.h; path = AvatarView.h; sourceTree = "<group>"; };
		2DFE439B1B262EAD007844FA /* AvatarView.swift */ = {isa = PBXFileReference; fileEncoding = 4; lastKnownFileType = sourcecode.swift; path = AvatarView.swift; sourceTree = "<group>"; };
		2DFE43A11B26335A007844FA /* AvatarViewDemo.app */ = {isa = PBXFileReference; explicitFileType = wrapper.application; includeInIndex = 0; path = AvatarViewDemo.app; sourceTree = BUILT_PRODUCTS_DIR; };
		2DFE43A41B26335A007844FA /* Info.plist */ = {isa = PBXFileReference; lastKnownFileType = text.plist.xml; path = Info.plist; sourceTree = "<group>"; };
		2DFE43A51B26335A007844FA /* AppDelegate.swift */ = {isa = PBXFileReference; lastKnownFileType = sourcecode.swift; path = AppDelegate.swift; sourceTree = "<group>"; };
		2DFE43A71B26335A007844FA /* ViewController.swift */ = {isa = PBXFileReference; lastKnownFileType = sourcecode.swift; path = ViewController.swift; sourceTree = "<group>"; };
		2DFE43AC1B26335A007844FA /* Images.xcassets */ = {isa = PBXFileReference; lastKnownFileType = folder.assetcatalog; path = Images.xcassets; sourceTree = "<group>"; };
		2DFE43AF1B26335A007844FA /* Base */ = {isa = PBXFileReference; lastKnownFileType = file.xib; name = Base; path = Base.lproj/LaunchScreen.xib; sourceTree = "<group>"; };
/* End PBXFileReference section */

/* Begin PBXFrameworksBuildPhase section */
		2DFE437B1B262E9D007844FA /* Frameworks */ = {
			isa = PBXFrameworksBuildPhase;
			buildActionMask = 2147483647;
			files = (
			);
			runOnlyForDeploymentPostprocessing = 0;
		};
		2DFE439E1B26335A007844FA /* Frameworks */ = {
			isa = PBXFrameworksBuildPhase;
			buildActionMask = 2147483647;
			files = (
			);
			runOnlyForDeploymentPostprocessing = 0;
		};
/* End PBXFrameworksBuildPhase section */

/* Begin PBXGroup section */
		2DFE43751B262E9D007844FA = {
			isa = PBXGroup;
			children = (
				2DFE43A21B26335A007844FA /* AvatarViewDemo */,
				2DFE43811B262E9D007844FA /* AvatarView */,
				2DFE43801B262E9D007844FA /* Products */,
			);
			sourceTree = "<group>";
		};
		2DFE43801B262E9D007844FA /* Products */ = {
			isa = PBXGroup;
			children = (
				2DFE437F1B262E9D007844FA /* AvatarView.framework */,
				2DFE43A11B26335A007844FA /* AvatarViewDemo.app */,
			);
			name = Products;
			sourceTree = "<group>";
		};
		2DFE43811B262E9D007844FA /* AvatarView */ = {
			isa = PBXGroup;
			children = (
				2DFE43841B262E9D007844FA /* AvatarView.h */,
				2DFE439B1B262EAD007844FA /* AvatarView.swift */,
				2DFE43821B262E9D007844FA /* Supporting Files */,
			);
			path = AvatarView;
			sourceTree = "<group>";
		};
		2DFE43821B262E9D007844FA /* Supporting Files */ = {
			isa = PBXGroup;
			children = (
				2DFE43831B262E9D007844FA /* Info.plist */,
			);
			name = "Supporting Files";
			sourceTree = "<group>";
		};
		2DFE43A21B26335A007844FA /* AvatarViewDemo */ = {
			isa = PBXGroup;
			children = (
				2DFE43A51B26335A007844FA /* AppDelegate.swift */,
				2DFE43A71B26335A007844FA /* ViewController.swift */,
				2DFE43AC1B26335A007844FA /* Images.xcassets */,
				2DFE43AE1B26335A007844FA /* LaunchScreen.xib */,
				2DFE43A31B26335A007844FA /* Supporting Files */,
			);
			path = AvatarViewDemo;
			sourceTree = "<group>";
		};
		2DFE43A31B26335A007844FA /* Supporting Files */ = {
			isa = PBXGroup;
			children = (
				2DFE43A41B26335A007844FA /* Info.plist */,
			);
			name = "Supporting Files";
			sourceTree = "<group>";
		};
/* End PBXGroup section */

/* Begin PBXHeadersBuildPhase section */
		2DFE437C1B262E9D007844FA /* Headers */ = {
			isa = PBXHeadersBuildPhase;
			buildActionMask = 2147483647;
			files = (
				2DFE43851B262E9D007844FA /* AvatarView.h in Headers */,
			);
			runOnlyForDeploymentPostprocessing = 0;
		};
/* End PBXHeadersBuildPhase section */

/* Begin PBXNativeTarget section */
		2DFE437E1B262E9D007844FA /* AvatarView */ = {
			isa = PBXNativeTarget;
			buildConfigurationList = 2DFE43951B262E9D007844FA /* Build configuration list for PBXNativeTarget "AvatarView" */;
			buildPhases = (
				2DFE437A1B262E9D007844FA /* Sources */,
				2DFE437B1B262E9D007844FA /* Frameworks */,
				2DFE437C1B262E9D007844FA /* Headers */,
				2DFE437D1B262E9D007844FA /* Resources */,
			);
			buildRules = (
			);
			dependencies = (
			);
			name = AvatarView;
			productName = AvatarView;
			productReference = 2DFE437F1B262E9D007844FA /* AvatarView.framework */;
			productType = "com.apple.product-type.framework";
		};
		2DFE43A01B26335A007844FA /* AvatarViewDemo */ = {
			isa = PBXNativeTarget;
			buildConfigurationList = 2DFE43BD1B26335A007844FA /* Build configuration list for PBXNativeTarget "AvatarViewDemo" */;
			buildPhases = (
				2DFE439D1B26335A007844FA /* Sources */,
				2DFE439E1B26335A007844FA /* Frameworks */,
				2DFE439F1B26335A007844FA /* Resources */,
			);
			buildRules = (
			);
			dependencies = (
			);
			name = AvatarViewDemo;
			productName = AvatarViewDemo;
			productReference = 2DFE43A11B26335A007844FA /* AvatarViewDemo.app */;
			productType = "com.apple.product-type.application";
		};
/* End PBXNativeTarget section */

/* Begin PBXProject section */
		2DFE43761B262E9D007844FA /* Project object */ = {
			isa = PBXProject;
			attributes = {
				LastSwiftUpdateCheck = 0710;
				LastUpgradeCheck = 1320;
				ORGANIZATIONNAME = che;
				TargetAttributes = {
					2DFE437E1B262E9D007844FA = {
						CreatedOnToolsVersion = 6.3.2;
						LastSwiftMigration = 0800;
					};
					2DFE43A01B26335A007844FA = {
						CreatedOnToolsVersion = 6.3.2;
						LastSwiftMigration = 0800;
					};
				};
			};
			buildConfigurationList = 2DFE43791B262E9D007844FA /* Build configuration list for PBXProject "AvatarView" */;
			compatibilityVersion = "Xcode 13.0";
			developmentRegion = en;
			hasScannedForEncodings = 0;
			knownRegions = (
				en,
				Base,
			);
			mainGroup = 2DFE43751B262E9D007844FA;
			productRefGroup = 2DFE43801B262E9D007844FA /* Products */;
			projectDirPath = "";
			projectRoot = "";
			targets = (
				2DFE437E1B262E9D007844FA /* AvatarView */,
				2DFE43A01B26335A007844FA /* AvatarViewDemo */,
			);
		};
/* End PBXProject section */

/* Begin PBXResourcesBuildPhase section */
		2DFE437D1B262E9D007844FA /* Resources */ = {
			isa = PBXResourcesBuildPhase;
			buildActionMask = 2147483647;
			files = (
			);
			runOnlyForDeploymentPostprocessing = 0;
		};
		2DFE439F1B26335A007844FA /* Resources */ = {
			isa = PBXResourcesBuildPhase;
			buildActionMask = 2147483647;
			files = (
				2DFE43B01B26335A007844FA /* LaunchScreen.xib in Resources */,
				2DFE43AD1B26335A007844FA /* Images.xcassets in Resources */,
			);
			runOnlyForDeploymentPostprocessing = 0;
		};
/* End PBXResourcesBuildPhase section */

/* Begin PBXSourcesBuildPhase section */
		2DFE437A1B262E9D007844FA /* Sources */ = {
			isa = PBXSourcesBuildPhase;
			buildActionMask = 2147483647;
			files = (
				2DFE439C1B262EAD007844FA /* AvatarView.swift in Sources */,
			);
			runOnlyForDeploymentPostprocessing = 0;
		};
		2DFE439D1B26335A007844FA /* Sources */ = {
			isa = PBXSourcesBuildPhase;
			buildActionMask = 2147483647;
			files = (
				2DFE43A81B26335A007844FA /* ViewController.swift in Sources */,
				2DFE43C31B26336B007844FA /* AvatarView.swift in Sources */,
				2DFE43A61B26335A007844FA /* AppDelegate.swift in Sources */,
			);
			runOnlyForDeploymentPostprocessing = 0;
		};
/* End PBXSourcesBuildPhase section */

/* Begin PBXVariantGroup section */
		2DFE43AE1B26335A007844FA /* LaunchScreen.xib */ = {
			isa = PBXVariantGroup;
			children = (
				2DFE43AF1B26335A007844FA /* Base */,
			);
			name = LaunchScreen.xib;
			sourceTree = "<group>";
		};
/* End PBXVariantGroup section */

/* Begin XCBuildConfiguration section */
		2DFE43931B262E9D007844FA /* Debug */ = {
			isa = XCBuildConfiguration;
			buildSettings = {
				ALWAYS_SEARCH_USER_PATHS = NO;
				CLANG_CXX_LANGUAGE_STANDARD = "gnu++0x";
				CLANG_CXX_LIBRARY = "libc++";
				CLANG_ENABLE_MODULES = YES;
				CLANG_ENABLE_OBJC_ARC = YES;
				CLANG_WARN_BLOCK_CAPTURE_AUTORELEASING = YES;
				CLANG_WARN_BOOL_CONVERSION = YES;
				CLANG_WARN_COMMA = YES;
				CLANG_WARN_CONSTANT_CONVERSION = YES;
				CLANG_WARN_DEPRECATED_OBJC_IMPLEMENTATIONS = YES;
				CLANG_WARN_DIRECT_OBJC_ISA_USAGE = YES_ERROR;
				CLANG_WARN_EMPTY_BODY = YES;
				CLANG_WARN_ENUM_CONVERSION = YES;
				CLANG_WARN_INFINITE_RECURSION = YES;
				CLANG_WARN_INT_CONVERSION = YES;
				CLANG_WARN_NON_LITERAL_NULL_CONVERSION = YES;
				CLANG_WARN_OBJC_IMPLICIT_RETAIN_SELF = YES;
				CLANG_WARN_OBJC_LITERAL_CONVERSION = YES;
				CLANG_WARN_OBJC_ROOT_CLASS = YES_ERROR;
				CLANG_WARN_QUOTED_INCLUDE_IN_FRAMEWORK_HEADER = YES;
				CLANG_WARN_RANGE_LOOP_ANALYSIS = YES;
				CLANG_WARN_STRICT_PROTOTYPES = YES;
				CLANG_WARN_SUSPICIOUS_MOVE = YES;
				CLANG_WARN_UNREACHABLE_CODE = YES;
				CLANG_WARN__DUPLICATE_METHOD_MATCH = YES;
				"CODE_SIGN_IDENTITY[sdk=iphoneos*]" = "iPhone Developer";
				COPY_PHASE_STRIP = NO;
				CURRENT_PROJECT_VERSION = 1;
				DEBUG_INFORMATION_FORMAT = "dwarf-with-dsym";
				ENABLE_STRICT_OBJC_MSGSEND = YES;
				ENABLE_TESTABILITY = YES;
				GCC_C_LANGUAGE_STANDARD = gnu99;
				GCC_DYNAMIC_NO_PIC = NO;
				GCC_NO_COMMON_BLOCKS = YES;
				GCC_OPTIMIZATION_LEVEL = 0;
				GCC_PREPROCESSOR_DEFINITIONS = (
					"DEBUG=1",
					"$(inherited)",
				);
				GCC_SYMBOLS_PRIVATE_EXTERN = NO;
				GCC_WARN_64_TO_32_BIT_CONVERSION = YES;
				GCC_WARN_ABOUT_RETURN_TYPE = YES_ERROR;
				GCC_WARN_UNDECLARED_SELECTOR = YES;
				GCC_WARN_UNINITIALIZED_AUTOS = YES_AGGRESSIVE;
				GCC_WARN_UNUSED_FUNCTION = YES;
				GCC_WARN_UNUSED_VARIABLE = YES;
				IPHONEOS_DEPLOYMENT_TARGET = 15.0;
				MTL_ENABLE_DEBUG_INFO = YES;
				ONLY_ACTIVE_ARCH = YES;
				SDKROOT = iphoneos;
				SWIFT_OPTIMIZATION_LEVEL = "-Onone";
				SWIFT_VERSION = 5.0;
				TARGETED_DEVICE_FAMILY = "1,2";
				VERSIONING_SYSTEM = "apple-generic";
				VERSION_INFO_PREFIX = "";
			};
			name = Debug;
		};
		2DFE43941B262E9D007844FA /* Release */ = {
			isa = XCBuildConfiguration;
			buildSettings = {
				ALWAYS_SEARCH_USER_PATHS = NO;
				CLANG_CXX_LANGUAGE_STANDARD = "gnu++0x";
				CLANG_CXX_LIBRARY = "libc++";
				CLANG_ENABLE_MODULES = YES;
				CLANG_ENABLE_OBJC_ARC = YES;
				CLANG_WARN_BLOCK_CAPTURE_AUTORELEASING = YES;
				CLANG_WARN_BOOL_CONVERSION = YES;
				CLANG_WARN_COMMA = YES;
				CLANG_WARN_CONSTANT_CONVERSION = YES;
				CLANG_WARN_DEPRECATED_OBJC_IMPLEMENTATIONS = YES;
				CLANG_WARN_DIRECT_OBJC_ISA_USAGE = YES_ERROR;
				CLANG_WARN_EMPTY_BODY = YES;
				CLANG_WARN_ENUM_CONVERSION = YES;
				CLANG_WARN_INFINITE_RECURSION = YES;
				CLANG_WARN_INT_CONVERSION = YES;
				CLANG_WARN_NON_LITERAL_NULL_CONVERSION = YES;
				CLANG_WARN_OBJC_IMPLICIT_RETAIN_SELF = YES;
				CLANG_WARN_OBJC_LITERAL_CONVERSION = YES;
				CLANG_WARN_OBJC_ROOT_CLASS = YES_ERROR;
				CLANG_WARN_QUOTED_INCLUDE_IN_FRAMEWORK_HEADER = YES;
				CLANG_WARN_RANGE_LOOP_ANALYSIS = YES;
				CLANG_WARN_STRICT_PROTOTYPES = YES;
				CLANG_WARN_SUSPICIOUS_MOVE = YES;
				CLANG_WARN_UNREACHABLE_CODE = YES;
				CLANG_WARN__DUPLICATE_METHOD_MATCH = YES;
				"CODE_SIGN_IDENTITY[sdk=iphoneos*]" = "iPhone Developer";
				COPY_PHASE_STRIP = NO;
				CURRENT_PROJECT_VERSION = 1;
				DEBUG_INFORMATION_FORMAT = "dwarf-with-dsym";
				ENABLE_NS_ASSERTIONS = NO;
				ENABLE_STRICT_OBJC_MSGSEND = YES;
				GCC_C_LANGUAGE_STANDARD = gnu99;
				GCC_NO_COMMON_BLOCKS = YES;
				GCC_WARN_64_TO_32_BIT_CONVERSION = YES;
				GCC_WARN_ABOUT_RETURN_TYPE = YES_ERROR;
				GCC_WARN_UNDECLARED_SELECTOR = YES;
				GCC_WARN_UNINITIALIZED_AUTOS = YES_AGGRESSIVE;
				GCC_WARN_UNUSED_FUNCTION = YES;
				GCC_WARN_UNUSED_VARIABLE = YES;
				IPHONEOS_DEPLOYMENT_TARGET = 15.0;
				MTL_ENABLE_DEBUG_INFO = NO;
				SDKROOT = iphoneos;
				SWIFT_COMPILATION_MODE = wholemodule;
				SWIFT_OPTIMIZATION_LEVEL = "-O";
				SWIFT_VERSION = 5.0;
				TARGETED_DEVICE_FAMILY = "1,2";
				VALIDATE_PRODUCT = YES;
				VERSIONING_SYSTEM = "apple-generic";
				VERSION_INFO_PREFIX = "";
			};
			name = Release;
		};
		2DFE43961B262E9D007844FA /* Debug */ = {
			isa = XCBuildConfiguration;
			buildSettings = {
				CLANG_ENABLE_MODULES = YES;
				"CODE_SIGN_IDENTITY[sdk=iphoneos*]" = "";
				DEFINES_MODULE = YES;
				DYLIB_COMPATIBILITY_VERSION = 1;
				DYLIB_CURRENT_VERSION = 1;
				DYLIB_INSTALL_NAME_BASE = "@rpath";
				INFOPLIST_FILE = AvatarView/Info.plist;
				INSTALL_PATH = "$(LOCAL_LIBRARY_DIR)/Frameworks";
				LD_RUNPATH_SEARCH_PATHS = (
					"$(inherited)",
					"@executable_path/Frameworks",
					"@loader_path/Frameworks",
				);
				PRODUCT_BUNDLE_IDENTIFIER = "org.chrene.$(PRODUCT_NAME:rfc1034identifier)";
				PRODUCT_NAME = "$(TARGET_NAME)";
				SKIP_INSTALL = YES;
				SWIFT_OPTIMIZATION_LEVEL = "-Onone";
				SWIFT_VERSION = 5.0;
			};
			name = Debug;
		};
		2DFE43971B262E9D007844FA /* Release */ = {
			isa = XCBuildConfiguration;
			buildSettings = {
				CLANG_ENABLE_MODULES = YES;
				"CODE_SIGN_IDENTITY[sdk=iphoneos*]" = "";
				DEFINES_MODULE = YES;
				DYLIB_COMPATIBILITY_VERSION = 1;
				DYLIB_CURRENT_VERSION = 1;
				DYLIB_INSTALL_NAME_BASE = "@rpath";
				INFOPLIST_FILE = AvatarView/Info.plist;
				INSTALL_PATH = "$(LOCAL_LIBRARY_DIR)/Frameworks";
				LD_RUNPATH_SEARCH_PATHS = (
					"$(inherited)",
					"@executable_path/Frameworks",
					"@loader_path/Frameworks",
				);
				PRODUCT_BUNDLE_IDENTIFIER = "org.chrene.$(PRODUCT_NAME:rfc1034identifier)";
				PRODUCT_NAME = "$(TARGET_NAME)";
				SKIP_INSTALL = YES;
				SWIFT_VERSION = 5.0;
			};
			name = Release;
		};
		2DFE43BE1B26335A007844FA /* Debug */ = {
			isa = XCBuildConfiguration;
			buildSettings = {
				ASSETCATALOG_COMPILER_APPICON_NAME = AppIcon;
				CURRENT_PROJECT_VERSION = 2;
				GCC_PREPROCESSOR_DEFINITIONS = (
					"DEBUG=1",
					"$(inherited)",
				);
				INFOPLIST_FILE = AvatarViewDemo/Info.plist;
				LD_RUNPATH_SEARCH_PATHS = (
					"$(inherited)",
					"@executable_path/Frameworks",
				);
				MARKETING_VERSION = 2.0;
				PRODUCT_BUNDLE_IDENTIFIER = "org.chrene.$(PRODUCT_NAME:rfc1034identifier)";
				PRODUCT_NAME = "$(TARGET_NAME)";
				SWIFT_VERSION = 3.0;
			};
			name = Debug;
		};
		2DFE43BF1B26335A007844FA /* Release */ = {
			isa = XCBuildConfiguration;
			buildSettings = {
				ASSETCATALOG_COMPILER_APPICON_NAME = AppIcon;
				CURRENT_PROJECT_VERSION = 2;
				INFOPLIST_FILE = AvatarViewDemo/Info.plist;
				LD_RUNPATH_SEARCH_PATHS = (
					"$(inherited)",
					"@executable_path/Frameworks",
				);
				MARKETING_VERSION = 2.0;
				PRODUCT_BUNDLE_IDENTIFIER = "org.chrene.$(PRODUCT_NAME:rfc1034identifier)";
				PRODUCT_NAME = "$(TARGET_NAME)";
				SWIFT_VERSION = 3.0;
			};
			name = Release;
		};
/* End XCBuildConfiguration section */

/* Begin XCConfigurationList section */
		2DFE43791B262E9D007844FA /* Build configuration list for PBXProject "AvatarView" */ = {
			isa = XCConfigurationList;
			buildConfigurations = (
				2DFE43931B262E9D007844FA /* Debug */,
				2DFE43941B262E9D007844FA /* Release */,
			);
			defaultConfigurationIsVisible = 0;
			defaultConfigurationName = Release;
		};
		2DFE43951B262E9D007844FA /* Build configuration list for PBXNativeTarget "AvatarView" */ = {
			isa = XCConfigurationList;
			buildConfigurations = (
				2DFE43961B262E9D007844FA /* Debug */,
				2DFE43971B262E9D007844FA /* Release */,
			);
			defaultConfigurationIsVisible = 0;
			defaultConfigurationName = Release;
		};
		2DFE43BD1B26335A007844FA /* Build configuration list for PBXNativeTarget "AvatarViewDemo" */ = {
			isa = XCConfigurationList;
			buildConfigurations = (
				2DFE43BE1B26335A007844FA /* Debug */,
				2DFE43BF1B26335A007844FA /* Release */,
			);
			defaultConfigurationIsVisible = 0;
			defaultConfigurationName = Release;
		};
/* End XCConfigurationList section */
	};
	rootObject = 2DFE43761B262E9D007844FA /* Project object */;
}
